
Microsoft Visual Studio Solution File, Format Version 12.00
# Visual Studio Version 17
VisualStudioVersion = 17.14.37027.9
MinimumVisualStudioVersion = 10.0.40219.1
Project("{2150E333-8FDC-42A3-9474-1A3956D46DE8}") = "src", "src", "{02EA681E-C7D8-13C7-8484-4AC65E1B71E8}"
EndProject
Project("{FAE04EC0-301F-11D3-BF4B-00C04F79EFBC}") = "PetFamily.Api", "PetFamily.Api\PetFamily.Api.csproj", "{C785EF26-DDBD-4CB2-A229-C0571920BD08}"
EndProject
Project("{2150E333-8FDC-42A3-9474-1A3956D46DE8}") = "Tests", "Tests", "{6FB9431E-FA5B-43AA-8B80-813257453610}"
EndProject
Project("{FAE04EC0-301F-11D3-BF4B-00C04F79EFBC}") = "PetFamily.UnitTests", "PetFamily.UnitTests\PetFamily.UnitTests.csproj", "{6EFCAA57-0432-4E13-BAC2-8A1255CC98DE}"
EndProject
Project("{2150E333-8FDC-42A3-9474-1A3956D46DE8}") = "Accounts", "Accounts", "{C51B5F7D-0DCE-419C-89C8-46611775C5A4}"
EndProject
Project("{2150E333-8FDC-42A3-9474-1A3956D46DE8}") = "Volunteers", "Volunteers", "{7458E688-CFFE-4476-A2CB-6DA4CE6124BA}"
EndProject
Project("{2150E333-8FDC-42A3-9474-1A3956D46DE8}") = "Species", "Species", "{9BB8AEF8-112C-4589-8C9D-05A1BB5B95C9}"
EndProject
Project("{FAE04EC0-301F-11D3-BF4B-00C04F79EFBC}") = "PetFamily.Volunteers.Core", "Volunteers\PetFamily.Volunteers.Core\PetFamily.Volunteers.Core.csproj", "{53BA2187-16A6-4C66-8AFF-2A38C231E42F}"
EndProject
Project("{FAE04EC0-301F-11D3-BF4B-00C04F79EFBC}") = "PetFamily.Volunteers.Infrastructure", "Volunteers\PetFamily.Volunteers.Infrastructure\PetFamily.Volunteers.Infrastructure.csproj", "{5B3308BF-DEF2-471F-A872-2F828A81BF2C}"
EndProject
Project("{FAE04EC0-301F-11D3-BF4B-00C04F79EFBC}") = "PetFamily.Volunteers.Presentation", "PetFamily.Volunteers.Contracts\PetFamily.Volunteers.Presentation.csproj", "{72CC8855-B892-4481-A359-E15E2F2AE966}"
EndProject
Project("{FAE04EC0-301F-11D3-BF4B-00C04F79EFBC}") = "PetFamily.SharedKernel", "PetFamily.SharedKernel\PetFamily.SharedKernel.csproj", "{A22215BE-B832-4746-9190-0E20DCD39AF6}"
EndProject
Project("{2150E333-8FDC-42A3-9474-1A3956D46DE8}") = "Shared", "Shared", "{E16C9700-2752-43FD-8D51-4C38A419CBBA}"
EndProject
Project("{FAE04EC0-301F-11D3-BF4B-00C04F79EFBC}") = "PetFamily.Framework", "PetFamily.Framework\PetFamily.Framework.csproj", "{A9C4CCA2-6605-4D28-B3D3-6AE0EBEBCD12}"
EndProject
Project("{FAE04EC0-301F-11D3-BF4B-00C04F79EFBC}") = "PetFamily.Species.Core", "Species\PetFamily.Species.Core\PetFamily.Species.Core.csproj", "{4BA8CDEC-10D1-4FCC-9C1F-61E5E86752B4}"
EndProject
Project("{FAE04EC0-301F-11D3-BF4B-00C04F79EFBC}") = "PetFamily.Species.Infrastructure", "Species\PetFamily.Species.Infrastructure\PetFamily.Species.Infrastructure.csproj", "{A0E0E6AB-758E-42DC-9401-3AFB207E751F}"
EndProject
Project("{FAE04EC0-301F-11D3-BF4B-00C04F79EFBC}") = "PetFamily.Species.Presentation", "Species\PetFamily.Species.Presentation\PetFamily.Species.Presentation.csproj", "{E17F430F-F549-4CBA-8E56-2AC984436B09}"
EndProject
Project("{FAE04EC0-301F-11D3-BF4B-00C04F79EFBC}") = "PetFamily.Accounts.Infrastructure", "Accounts\PetFamily.Accounts.Infrastructure\PetFamily.Accounts.Infrastructure.csproj", "{C40D5FB1-E916-40C9-BD78-38B9C63E3BA4}"
EndProject
Project("{FAE04EC0-301F-11D3-BF4B-00C04F79EFBC}") = "PetFamily.Accounts.Presentation", "Accounts\PetFamily.Accounts.Presentation\PetFamily.Accounts.Presentation.csproj", "{408B75F6-E46F-48D1-ABE4-57D4E1143571}"
EndProject
Project("{FAE04EC0-301F-11D3-BF4B-00C04F79EFBC}") = "PetFamily.Accounts.Core", "Accounts\PetFamily.Accounts.Core\PetFamily.Accounts.Core.csproj", "{501815A6-A0A2-45E8-970A-432D6B2D8C25}"
EndProject
Global
	GlobalSection(SolutionConfigurationPlatforms) = preSolution
		Debug|Any CPU = Debug|Any CPU
		Release|Any CPU = Release|Any CPU
	EndGlobalSection
	GlobalSection(ProjectConfigurationPlatforms) = postSolution
		{C785EF26-DDBD-4CB2-A229-C0571920BD08}.Debug|Any CPU.ActiveCfg = Debug|Any CPU
		{C785EF26-DDBD-4CB2-A229-C0571920BD08}.Debug|Any CPU.Build.0 = Debug|Any CPU
		{C785EF26-DDBD-4CB2-A229-C0571920BD08}.Release|Any CPU.ActiveCfg = Release|Any CPU
		{C785EF26-DDBD-4CB2-A229-C0571920BD08}.Release|Any CPU.Build.0 = Release|Any CPU
		{6EFCAA57-0432-4E13-BAC2-8A1255CC98DE}.Debug|Any CPU.ActiveCfg = Debug|Any CPU
		{6EFCAA57-0432-4E13-BAC2-8A1255CC98DE}.Debug|Any CPU.Build.0 = Debug|Any CPU
		{6EFCAA57-0432-4E13-BAC2-8A1255CC98DE}.Release|Any CPU.ActiveCfg = Release|Any CPU
		{6EFCAA57-0432-4E13-BAC2-8A1255CC98DE}.Release|Any CPU.Build.0 = Release|Any CPU
		{53BA2187-16A6-4C66-8AFF-2A38C231E42F}.Debug|Any CPU.ActiveCfg = Debug|Any CPU
		{53BA2187-16A6-4C66-8AFF-2A38C231E42F}.Debug|Any CPU.Build.0 = Debug|Any CPU
		{53BA2187-16A6-4C66-8AFF-2A38C231E42F}.Release|Any CPU.ActiveCfg = Release|Any CPU
		{53BA2187-16A6-4C66-8AFF-2A38C231E42F}.Release|Any CPU.Build.0 = Release|Any CPU
		{5B3308BF-DEF2-471F-A872-2F828A81BF2C}.Debug|Any CPU.ActiveCfg = Debug|Any CPU
		{5B3308BF-DEF2-471F-A872-2F828A81BF2C}.Debug|Any CPU.Build.0 = Debug|Any CPU
		{5B3308BF-DEF2-471F-A872-2F828A81BF2C}.Release|Any CPU.ActiveCfg = Release|Any CPU
		{5B3308BF-DEF2-471F-A872-2F828A81BF2C}.Release|Any CPU.Build.0 = Release|Any CPU
		{72CC8855-B892-4481-A359-E15E2F2AE966}.Debug|Any CPU.ActiveCfg = Debug|Any CPU
		{72CC8855-B892-4481-A359-E15E2F2AE966}.Debug|Any CPU.Build.0 = Debug|Any CPU
		{72CC8855-B892-4481-A359-E15E2F2AE966}.Release|Any CPU.ActiveCfg = Release|Any CPU
		{72CC8855-B892-4481-A359-E15E2F2AE966}.Release|Any CPU.Build.0 = Release|Any CPU
		{A22215BE-B832-4746-9190-0E20DCD39AF6}.Debug|Any CPU.ActiveCfg = Debug|Any CPU
		{A22215BE-B832-4746-9190-0E20DCD39AF6}.Debug|Any CPU.Build.0 = Debug|Any CPU
		{A22215BE-B832-4746-9190-0E20DCD39AF6}.Release|Any CPU.ActiveCfg = Release|Any CPU
		{A22215BE-B832-4746-9190-0E20DCD39AF6}.Release|Any CPU.Build.0 = Release|Any CPU
		{A9C4CCA2-6605-4D28-B3D3-6AE0EBEBCD12}.Debug|Any CPU.ActiveCfg = Debug|Any CPU
		{A9C4CCA2-6605-4D28-B3D3-6AE0EBEBCD12}.Debug|Any CPU.Build.0 = Debug|Any CPU
		{A9C4CCA2-6605-4D28-B3D3-6AE0EBEBCD12}.Release|Any CPU.ActiveCfg = Release|Any CPU
		{A9C4CCA2-6605-4D28-B3D3-6AE0EBEBCD12}.Release|Any CPU.Build.0 = Release|Any CPU
		{4BA8CDEC-10D1-4FCC-9C1F-61E5E86752B4}.Debug|Any CPU.ActiveCfg = Debug|Any CPU
		{4BA8CDEC-10D1-4FCC-9C1F-61E5E86752B4}.Debug|Any CPU.Build.0 = Debug|Any CPU
		{4BA8CDEC-10D1-4FCC-9C1F-61E5E86752B4}.Release|Any CPU.ActiveCfg = Release|Any CPU
		{4BA8CDEC-10D1-4FCC-9C1F-61E5E86752B4}.Release|Any CPU.Build.0 = Release|Any CPU
		{A0E0E6AB-758E-42DC-9401-3AFB207E751F}.Debug|Any CPU.ActiveCfg = Debug|Any CPU
		{A0E0E6AB-758E-42DC-9401-3AFB207E751F}.Debug|Any CPU.Build.0 = Debug|Any CPU
		{A0E0E6AB-758E-42DC-9401-3AFB207E751F}.Release|Any CPU.ActiveCfg = Release|Any CPU
		{A0E0E6AB-758E-42DC-9401-3AFB207E751F}.Release|Any CPU.Build.0 = Release|Any CPU
		{E17F430F-F549-4CBA-8E56-2AC984436B09}.Debug|Any CPU.ActiveCfg = Debug|Any CPU
		{E17F430F-F549-4CBA-8E56-2AC984436B09}.Debug|Any CPU.Build.0 = Debug|Any CPU
		{E17F430F-F549-4CBA-8E56-2AC984436B09}.Release|Any CPU.ActiveCfg = Release|Any CPU
		{E17F430F-F549-4CBA-8E56-2AC984436B09}.Release|Any CPU.Build.0 = Release|Any CPU
		{C40D5FB1-E916-40C9-BD78-38B9C63E3BA4}.Debug|Any CPU.ActiveCfg = Debug|Any CPU
		{C40D5FB1-E916-40C9-BD78-38B9C63E3BA4}.Debug|Any CPU.Build.0 = Debug|Any CPU
		{C40D5FB1-E916-40C9-BD78-38B9C63E3BA4}.Release|Any CPU.ActiveCfg = Release|Any CPU
		{C40D5FB1-E916-40C9-BD78-38B9C63E3BA4}.Release|Any CPU.Build.0 = Release|Any CPU
		{408B75F6-E46F-48D1-ABE4-57D4E1143571}.Debug|Any CPU.ActiveCfg = Debug|Any CPU
		{408B75F6-E46F-48D1-ABE4-57D4E1143571}.Debug|Any CPU.Build.0 = Debug|Any CPU
		{408B75F6-E46F-48D1-ABE4-57D4E1143571}.Release|Any CPU.ActiveCfg = Release|Any CPU
		{408B75F6-E46F-48D1-ABE4-57D4E1143571}.Release|Any CPU.Build.0 = Release|Any CPU
		{501815A6-A0A2-45E8-970A-432D6B2D8C25}.Debug|Any CPU.ActiveCfg = Debug|Any CPU
		{501815A6-A0A2-45E8-970A-432D6B2D8C25}.Debug|Any CPU.Build.0 = Debug|Any CPU
		{501815A6-A0A2-45E8-970A-432D6B2D8C25}.Release|Any CPU.ActiveCfg = Release|Any CPU
		{501815A6-A0A2-45E8-970A-432D6B2D8C25}.Release|Any CPU.Build.0 = Release|Any CPU
	EndGlobalSection
	GlobalSection(SolutionProperties) = preSolution
		HideSolutionNode = FALSE
	EndGlobalSection
	GlobalSection(NestedProjects) = preSolution
		{C785EF26-DDBD-4CB2-A229-C0571920BD08} = {02EA681E-C7D8-13C7-8484-4AC65E1B71E8}
		{6FB9431E-FA5B-43AA-8B80-813257453610} = {02EA681E-C7D8-13C7-8484-4AC65E1B71E8}
		{6EFCAA57-0432-4E13-BAC2-8A1255CC98DE} = {6FB9431E-FA5B-43AA-8B80-813257453610}
		{C51B5F7D-0DCE-419C-89C8-46611775C5A4} = {02EA681E-C7D8-13C7-8484-4AC65E1B71E8}
		{7458E688-CFFE-4476-A2CB-6DA4CE6124BA} = {02EA681E-C7D8-13C7-8484-4AC65E1B71E8}
		{9BB8AEF8-112C-4589-8C9D-05A1BB5B95C9} = {02EA681E-C7D8-13C7-8484-4AC65E1B71E8}
		{53BA2187-16A6-4C66-8AFF-2A38C231E42F} = {7458E688-CFFE-4476-A2CB-6DA4CE6124BA}
		{5B3308BF-DEF2-471F-A872-2F828A81BF2C} = {7458E688-CFFE-4476-A2CB-6DA4CE6124BA}
		{72CC8855-B892-4481-A359-E15E2F2AE966} = {7458E688-CFFE-4476-A2CB-6DA4CE6124BA}
		{A22215BE-B832-4746-9190-0E20DCD39AF6} = {E16C9700-2752-43FD-8D51-4C38A419CBBA}
		{E16C9700-2752-43FD-8D51-4C38A419CBBA} = {02EA681E-C7D8-13C7-8484-4AC65E1B71E8}
		{A9C4CCA2-6605-4D28-B3D3-6AE0EBEBCD12} = {E16C9700-2752-43FD-8D51-4C38A419CBBA}
		{4BA8CDEC-10D1-4FCC-9C1F-61E5E86752B4} = {9BB8AEF8-112C-4589-8C9D-05A1BB5B95C9}
		{A0E0E6AB-758E-42DC-9401-3AFB207E751F} = {9BB8AEF8-112C-4589-8C9D-05A1BB5B95C9}
		{E17F430F-F549-4CBA-8E56-2AC984436B09} = {9BB8AEF8-112C-4589-8C9D-05A1BB5B95C9}
		{C40D5FB1-E916-40C9-BD78-38B9C63E3BA4} = {C51B5F7D-0DCE-419C-89C8-46611775C5A4}
		{408B75F6-E46F-48D1-ABE4-57D4E1143571} = {C51B5F7D-0DCE-419C-89C8-46611775C5A4}
		{501815A6-A0A2-45E8-970A-432D6B2D8C25} = {C51B5F7D-0DCE-419C-89C8-46611775C5A4}
	EndGlobalSection
	GlobalSection(ExtensibilityGlobals) = postSolution
		SolutionGuid = {01461398-A100-4546-962B-4C45CD2289E3}
	EndGlobalSection
EndGlobal
